{
    "_readme": [
        "This file locks the dependencies of your project to a known state",
        "Read more about it at https://getcomposer.org/doc/01-basic-usage.md#composer-lock-the-lock-file",
        "This file is @generated automatically"
    ],
    "content-hash": "5bf7d5e2dea19fc39e31faa430ef6b8c",
    "packages": [
        {
            "name": "oxid-projects/captcha-module",
            "version": "v2.0.1",
            "source": {
                "type": "git",
                "url": "https://github.com/OXIDprojects/captcha-module.git",
                "reference": "3821698f12e564571c5ca06bbc3b92fdd3458edc"
            },
            "dist": {
                "type": "zip",
                "url": "https://api.github.com/repos/OXIDprojects/captcha-module/zipball/3821698f12e564571c5ca06bbc3b92fdd3458edc",
                "reference": "3821698f12e564571c5ca06bbc3b92fdd3458edc",
                "shasum": ""
            },
            "type": "oxideshop-module",
            "extra": {
                "oxideshop": {
                    "target-directory": "oe/captcha"
                }
            },
            "notification-url": "https://packagist.org/downloads/",
            "license": [
                "GPL-3.0",
                "proprietary"
            ],
            "description": "This is Captcha module for OXID eShop.",
            "homepage": "https://www.oxid-esales.com/en/home.html",
            "keywords": [
                "OXID",
                "captcha",
                "eshop",
                "modules"
            ],
            "time": "2017-12-07T07:19:46+00:00"
        }
    ],
    "packages-dev": [],
    "aliases": [],
    "minimum-stability": "stable",
    "stability-flags": [],
    "prefer-stable": false,
    "prefer-lowest": false,
    "platform": {
        "php": ">= 7.0"
    },
    "platform-dev": []
}
